# This file is @generated by PDM.
# It is not intended for manual editing.

[metadata]
groups = ["default"]
strategy = ["cross_platform", "inherit_metadata"]
lock_version = "4.4.2"
content_hash = "sha256:c68e74885846d806c923245f57cc47fdb756e66c92496927f68d1388b85bc0e0"

[[package]]
name = "hc-simplecalc"
version = "0.1.0"
requires_python = ">=3.9"
summary = "Default template for PDM package"
groups = ["default"]
files = [
    {file = "hc_simpleCalc-0.1.0-py3-none-any.whl", hash = "sha256:3a4260b2537306b1f77fa2bebc57013290dd8da3822077bee0f34cce597b2ad0"},
    {file = "hc_simplecalc-0.1.0.tar.gz", hash = "sha256:5ec2c91645610949830cb6a8344d06d871858387136c4eab822db1ac930dd6be"},
]
